// !$*UTF8*$!
{
	archiveVersion = 1;
	classes = {
	};
	objectVersion = 52;
	objects = {

/* Begin PBXBuildFile section */
		6CAC54AA4FB79D3B10F92810 /* Pods_HackMTY_Chat.framework in Frameworks */ = {isa = PBXBuildFile; fileRef = 66230F026875B1E01D37193D /* Pods_HackMTY_Chat.framework */; };
		BE19D8D726DB5FD500C27B14 /* View+if.swift in Sources */ = {isa = PBXBuildFile; fileRef = BE19D8D626DB5FD500C27B14 /* View+if.swift */; };
		BE6CBB4C26DACA0300A1AF19 /* AppDelegate.swift in Sources */ = {isa = PBXBuildFile; fileRef = BE6CBB4B26DACA0300A1AF19 /* AppDelegate.swift */; };
		BE6CBB4E26DACA0300A1AF19 /* SceneDelegate.swift in Sources */ = {isa = PBXBuildFile; fileRef = BE6CBB4D26DACA0300A1AF19 /* SceneDelegate.swift */; };
		BE6CBB5026DACA0300A1AF19 /* ContentView.swift in Sources */ = {isa = PBXBuildFile; fileRef = BE6CBB4F26DACA0300A1AF19 /* ContentView.swift */; };
		BE6CBB5226DACA0400A1AF19 /* Assets.xcassets in Resources */ = {isa = PBXBuildFile; fileRef = BE6CBB5126DACA0400A1AF19 /* Assets.xcassets */; };
		BE6CBB5526DACA0400A1AF19 /* Preview Assets.xcassets in Resources */ = {isa = PBXBuildFile; fileRef = BE6CBB5426DACA0400A1AF19 /* Preview Assets.xcassets */; };
		BE6CBB5826DACA0400A1AF19 /* LaunchScreen.storyboard in Resources */ = {isa = PBXBuildFile; fileRef = BE6CBB5626DACA0400A1AF19 /* LaunchScreen.storyboard */; };
		BE6CBB6026DACC1100A1AF19 /* GoogleService-Info.plist in Resources */ = {isa = PBXBuildFile; fileRef = BE6CBB5F26DACC1100A1AF19 /* GoogleService-Info.plist */; };
		BE6CBB6226DACC1F00A1AF19 /* ChatView.swift in Sources */ = {isa = PBXBuildFile; fileRef = BE6CBB6126DACC1F00A1AF19 /* ChatView.swift */; };
		BE6CBB6426DACCB800A1AF19 /* CustomStyles.swift in Sources */ = {isa = PBXBuildFile; fileRef = BE6CBB6326DACCB800A1AF19 /* CustomStyles.swift */; };
		BE6CBB6626DACCD300A1AF19 /* User.swift in Sources */ = {isa = PBXBuildFile; fileRef = BE6CBB6526DACCD300A1AF19 /* User.swift */; };
		BE6CBB6826DACCE100A1AF19 /* Message.swift in Sources */ = {isa = PBXBuildFile; fileRef = BE6CBB6726DACCE100A1AF19 /* Message.swift */; };
		BE6CBB6A26DACCF000A1AF19 /* Chat.swift in Sources */ = {isa = PBXBuildFile; fileRef = BE6CBB6926DACCF000A1AF19 /* Chat.swift */; };
		BE6CBB6C26DACD0400A1AF19 /* LoginView.swift in Sources */ = {isa = PBXBuildFile; fileRef = BE6CBB6B26DACD0400A1AF19 /* LoginView.swift */; };
		BE6CBB6E26DACD7700A1AF19 /* MessageCell.swift in Sources */ = {isa = PBXBuildFile; fileRef = BE6CBB6D26DACD7700A1AF19 /* MessageCell.swift */; };
		BE6CBB7026DACFD800A1AF19 /* ChatsListView.swift in Sources */ = {isa = PBXBuildFile; fileRef = BE6CBB6F26DACFD800A1AF19 /* ChatsListView.swift */; };
		BE6CBB7226DACFEA00A1AF19 /* FirebaseManager.swift in Sources */ = {isa = PBXBuildFile; fileRef = BE6CBB7126DACFEA00A1AF19 /* FirebaseManager.swift */; };
		BE6CBB7426DAD70B00A1AF19 /* SettingsView.swift in Sources */ = {isa = PBXBuildFile; fileRef = BE6CBB7326DAD70B00A1AF19 /* SettingsView.swift */; };
		BE6CBB7626DAD75600A1AF19 /* UserData.swift in Sources */ = {isa = PBXBuildFile; fileRef = BE6CBB7526DAD75600A1AF19 /* UserData.swift */; };
		BE6CBB7826DAD83600A1AF19 /* ErrorModel.swift in Sources */ = {isa = PBXBuildFile; fileRef = BE6CBB7726DAD83600A1AF19 /* ErrorModel.swift */; };
		BE6CBB7A26DAD85A00A1AF19 /* UIApplication+AppVersion.swift in Sources */ = {isa = PBXBuildFile; fileRef = BE6CBB7926DAD85A00A1AF19 /* UIApplication+AppVersion.swift */; };
		BE6CBB7C26DAE05F00A1AF19 /* ReauthPasswordView.swift in Sources */ = {isa = PBXBuildFile; fileRef = BE6CBB7B26DAE05F00A1AF19 /* ReauthPasswordView.swift */; };
		BE6CBB7E26DAE34700A1AF19 /* RegistrationView.swift in Sources */ = {isa = PBXBuildFile; fileRef = BE6CBB7D26DAE34700A1AF19 /* RegistrationView.swift */; };
		BE6CBB8026DAE76D00A1AF19 /* PasswordResetView.swift in Sources */ = {isa = PBXBuildFile; fileRef = BE6CBB7F26DAE76D00A1AF19 /* PasswordResetView.swift */; };
		BE6CBB8526DAF5BC00A1AF19 /* UserCodeScanner.swift in Sources */ = {isa = PBXBuildFile; fileRef = BE6CBB8426DAF5BC00A1AF19 /* UserCodeScanner.swift */; };
		BE6CBB8E26DB11F200A1AF19 /* School.swift in Sources */ = {isa = PBXBuildFile; fileRef = BE6CBB8D26DB11F200A1AF19 /* School.swift */; };
		BE6CBB9026DB218B00A1AF19 /* SchoolSelectionView.swift in Sources */ = {isa = PBXBuildFile; fileRef = BE6CBB8F26DB218B00A1AF19 /* SchoolSelectionView.swift */; };
		BE6CBB9226DB235800A1AF19 /* RegistrationViews.swift in Sources */ = {isa = PBXBuildFile; fileRef = BE6CBB9126DB235800A1AF19 /* RegistrationViews.swift */; };
		BE6CBB9726DB54FD00A1AF19 /* SchoolMembersList.swift in Sources */ = {isa = PBXBuildFile; fileRef = BE6CBB9626DB54FD00A1AF19 /* SchoolMembersList.swift */; };
		BEB7097126DB6426005565F9 /* CodeScanner in Frameworks */ = {isa = PBXBuildFile; productRef = BEB7097026DB6426005565F9 /* CodeScanner */; };
		BEB7097526DB7385005565F9 /* ChangeSelectionView.swift in Sources */ = {isa = PBXBuildFile; fileRef = BEB7097426DB7385005565F9 /* ChangeSelectionView.swift */; };
/* End PBXBuildFile section */

/* Begin PBXFileReference section */
		66230F026875B1E01D37193D /* Pods_HackMTY_Chat.framework */ = {isa = PBXFileReference; explicitFileType = wrapper.framework; includeInIndex = 0; path = Pods_HackMTY_Chat.framework; sourceTree = BUILT_PRODUCTS_DIR; };
		A30E0758CA63FF7A0E9151E0 /* Pods-HackMTY-Chat.debug.xcconfig */ = {isa = PBXFileReference; includeInIndex = 1; lastKnownFileType = text.xcconfig; name = "Pods-HackMTY-Chat.debug.xcconfig"; path = "Target Support Files/Pods-HackMTY-Chat/Pods-HackMTY-Chat.debug.xcconfig"; sourceTree = "<group>"; };
		BE19D8D626DB5FD500C27B14 /* View+if.swift */ = {isa = PBXFileReference; lastKnownFileType = sourcecode.swift; path = "View+if.swift"; sourceTree = "<group>"; };
		BE6CBB4826DACA0300A1AF19 /* HackMTY-Chat.app */ = {isa = PBXFileReference; explicitFileType = wrapper.application; includeInIndex = 0; path = "HackMTY-Chat.app"; sourceTree = BUILT_PRODUCTS_DIR; };
		BE6CBB4B26DACA0300A1AF19 /* AppDelegate.swift */ = {isa = PBXFileReference; lastKnownFileType = sourcecode.swift; path = AppDelegate.swift; sourceTree = "<group>"; };
		BE6CBB4D26DACA0300A1AF19 /* SceneDelegate.swift */ = {isa = PBXFileReference; lastKnownFileType = sourcecode.swift; path = SceneDelegate.swift; sourceTree = "<group>"; };
		BE6CBB4F26DACA0300A1AF19 /* ContentView.swift */ = {isa = PBXFileReference; lastKnownFileType = sourcecode.swift; path = ContentView.swift; sourceTree = "<group>"; };
		BE6CBB5126DACA0400A1AF19 /* Assets.xcassets */ = {isa = PBXFileReference; lastKnownFileType = folder.assetcatalog; path = Assets.xcassets; sourceTree = "<group>"; };
		BE6CBB5426DACA0400A1AF19 /* Preview Assets.xcassets */ = {isa = PBXFileReference; lastKnownFileType = folder.assetcatalog; path = "Preview Assets.xcassets"; sourceTree = "<group>"; };
		BE6CBB5726DACA0400A1AF19 /* Base */ = {isa = PBXFileReference; lastKnownFileType = file.storyboard; name = Base; path = Base.lproj/LaunchScreen.storyboard; sourceTree = "<group>"; };
		BE6CBB5926DACA0400A1AF19 /* Info.plist */ = {isa = PBXFileReference; lastKnownFileType = text.plist.xml; path = Info.plist; sourceTree = "<group>"; };
		BE6CBB5F26DACC1100A1AF19 /* GoogleService-Info.plist */ = {isa = PBXFileReference; fileEncoding = 4; lastKnownFileType = text.plist.xml; path = "GoogleService-Info.plist"; sourceTree = "<group>"; };
		BE6CBB6126DACC1F00A1AF19 /* ChatView.swift */ = {isa = PBXFileReference; fileEncoding = 4; lastKnownFileType = sourcecode.swift; path = ChatView.swift; sourceTree = "<group>"; };
		BE6CBB6326DACCB800A1AF19 /* CustomStyles.swift */ = {isa = PBXFileReference; lastKnownFileType = sourcecode.swift; path = CustomStyles.swift; sourceTree = "<group>"; };
		BE6CBB6526DACCD300A1AF19 /* User.swift */ = {isa = PBXFileReference; lastKnownFileType = sourcecode.swift; path = User.swift; sourceTree = "<group>"; };
		BE6CBB6726DACCE100A1AF19 /* Message.swift */ = {isa = PBXFileReference; lastKnownFileType = sourcecode.swift; path = Message.swift; sourceTree = "<group>"; };
		BE6CBB6926DACCF000A1AF19 /* Chat.swift */ = {isa = PBXFileReference; lastKnownFileType = sourcecode.swift; path = Chat.swift; sourceTree = "<group>"; };
		BE6CBB6B26DACD0400A1AF19 /* LoginView.swift */ = {isa = PBXFileReference; lastKnownFileType = sourcecode.swift; path = LoginView.swift; sourceTree = "<group>"; };
		BE6CBB6D26DACD7700A1AF19 /* MessageCell.swift */ = {isa = PBXFileReference; lastKnownFileType = sourcecode.swift; path = MessageCell.swift; sourceTree = "<group>"; };
		BE6CBB6F26DACFD800A1AF19 /* ChatsListView.swift */ = {isa = PBXFileReference; lastKnownFileType = sourcecode.swift; path = ChatsListView.swift; sourceTree = "<group>"; };
		BE6CBB7126DACFEA00A1AF19 /* FirebaseManager.swift */ = {isa = PBXFileReference; lastKnownFileType = sourcecode.swift; path = FirebaseManager.swift; sourceTree = "<group>"; };
		BE6CBB7326DAD70B00A1AF19 /* SettingsView.swift */ = {isa = PBXFileReference; lastKnownFileType = sourcecode.swift; path = SettingsView.swift; sourceTree = "<group>"; };
		BE6CBB7526DAD75600A1AF19 /* UserData.swift */ = {isa = PBXFileReference; lastKnownFileType = sourcecode.swift; path = UserData.swift; sourceTree = "<group>"; };
		BE6CBB7726DAD83600A1AF19 /* ErrorModel.swift */ = {isa = PBXFileReference; lastKnownFileType = sourcecode.swift; path = ErrorModel.swift; sourceTree = "<group>"; };
		BE6CBB7926DAD85A00A1AF19 /* UIApplication+AppVersion.swift */ = {isa = PBXFileReference; lastKnownFileType = sourcecode.swift; path = "UIApplication+AppVersion.swift"; sourceTree = "<group>"; };
		BE6CBB7B26DAE05F00A1AF19 /* ReauthPasswordView.swift */ = {isa = PBXFileReference; lastKnownFileType = sourcecode.swift; path = ReauthPasswordView.swift; sourceTree = "<group>"; };
		BE6CBB7D26DAE34700A1AF19 /* RegistrationView.swift */ = {isa = PBXFileReference; lastKnownFileType = sourcecode.swift; path = RegistrationView.swift; sourceTree = "<group>"; };
		BE6CBB7F26DAE76D00A1AF19 /* PasswordResetView.swift */ = {isa = PBXFileReference; lastKnownFileType = sourcecode.swift; path = PasswordResetView.swift; sourceTree = "<group>"; };
		BE6CBB8426DAF5BC00A1AF19 /* UserCodeScanner.swift */ = {isa = PBXFileReference; lastKnownFileType = sourcecode.swift; path = UserCodeScanner.swift; sourceTree = "<group>"; };
		BE6CBB8D26DB11F200A1AF19 /* School.swift */ = {isa = PBXFileReference; lastKnownFileType = sourcecode.swift; path = School.swift; sourceTree = "<group>"; };
		BE6CBB8F26DB218B00A1AF19 /* SchoolSelectionView.swift */ = {isa = PBXFileReference; lastKnownFileType = sourcecode.swift; path = SchoolSelectionView.swift; sourceTree = "<group>"; };
		BE6CBB9126DB235800A1AF19 /* RegistrationViews.swift */ = {isa = PBXFileReference; lastKnownFileType = sourcecode.swift; path = RegistrationViews.swift; sourceTree = "<group>"; };
		BE6CBB9626DB54FD00A1AF19 /* SchoolMembersList.swift */ = {isa = PBXFileReference; lastKnownFileType = sourcecode.swift; path = SchoolMembersList.swift; sourceTree = "<group>"; };
		BEB7097426DB7385005565F9 /* ChangeSelectionView.swift */ = {isa = PBXFileReference; lastKnownFileType = sourcecode.swift; path = ChangeSelectionView.swift; sourceTree = "<group>"; };
		EC4CC44C62C9F261A371EF4E /* Pods-HackMTY-Chat.release.xcconfig */ = {isa = PBXFileReference; includeInIndex = 1; lastKnownFileType = text.xcconfig; name = "Pods-HackMTY-Chat.release.xcconfig"; path = "Target Support Files/Pods-HackMTY-Chat/Pods-HackMTY-Chat.release.xcconfig"; sourceTree = "<group>"; };
/* End PBXFileReference section */

/* Begin PBXFrameworksBuildPhase section */
		BE6CBB4526DACA0300A1AF19 /* Frameworks */ = {
			isa = PBXFrameworksBuildPhase;
			buildActionMask = 2147483647;
			files = (
				BEB7097126DB6426005565F9 /* CodeScanner in Frameworks */,
				6CAC54AA4FB79D3B10F92810 /* Pods_HackMTY_Chat.framework in Frameworks */,
			);
			runOnlyForDeploymentPostprocessing = 0;
		};
/* End PBXFrameworksBuildPhase section */

/* Begin PBXGroup section */
		44409030EFA1C4C298519755 /* Frameworks */ = {
			isa = PBXGroup;
			children = (
				66230F026875B1E01D37193D /* Pods_HackMTY_Chat.framework */,
			);
			name = Frameworks;
			sourceTree = "<group>";
		};
		BE6CBB3F26DACA0300A1AF19 = {
			isa = PBXGroup;
			children = (
				BE6CBB4A26DACA0300A1AF19 /* HackMTY-Chat */,
				BE6CBB4926DACA0300A1AF19 /* Products */,
				EF0DCF3E216E6FCE333DE4C2 /* Pods */,
				44409030EFA1C4C298519755 /* Frameworks */,
			);
			sourceTree = "<group>";
		};
		BE6CBB4926DACA0300A1AF19 /* Products */ = {
			isa = PBXGroup;
			children = (
				BE6CBB4826DACA0300A1AF19 /* HackMTY-Chat.app */,
			);
			name = Products;
			sourceTree = "<group>";
		};
		BE6CBB4A26DACA0300A1AF19 /* HackMTY-Chat */ = {
			isa = PBXGroup;
			children = (
				BE6CBB4B26DACA0300A1AF19 /* AppDelegate.swift */,
				BE6CBB8826DB0FB000A1AF19 /* View */,
				BE6CBB8B26DB117E00A1AF19 /* Extensions */,
				BE6CBB8A26DB117600A1AF19 /* Models */,
				BE6CBB4D26DACA0300A1AF19 /* SceneDelegate.swift */,
				BE6CBB8926DB116200A1AF19 /* Data Managers */,
				BE6CBB5F26DACC1100A1AF19 /* GoogleService-Info.plist */,
				BE6CBB5126DACA0400A1AF19 /* Assets.xcassets */,
				BE6CBB5626DACA0400A1AF19 /* LaunchScreen.storyboard */,
				BE6CBB5926DACA0400A1AF19 /* Info.plist */,
				BE6CBB5326DACA0400A1AF19 /* Preview Content */,
			);
			path = "HackMTY-Chat";
			sourceTree = "<group>";
		};
		BE6CBB5326DACA0400A1AF19 /* Preview Content */ = {
			isa = PBXGroup;
			children = (
				BE6CBB5426DACA0400A1AF19 /* Preview Assets.xcassets */,
			);
			path = "Preview Content";
			sourceTree = "<group>";
		};
		BE6CBB8826DB0FB000A1AF19 /* View */ = {
			isa = PBXGroup;
			children = (
				BE6CBB7F26DAE76D00A1AF19 /* PasswordResetView.swift */,
				BE6CBB4F26DACA0300A1AF19 /* ContentView.swift */,
				BE6CBB9626DB54FD00A1AF19 /* SchoolMembersList.swift */,
				BE6CBB7326DAD70B00A1AF19 /* SettingsView.swift */,
				BE6CBB9326DB26C900A1AF19 /* Registration */,
				BE6CBB7B26DAE05F00A1AF19 /* ReauthPasswordView.swift */,
				BE6CBB6F26DACFD800A1AF19 /* ChatsListView.swift */,
				BE6CBB6B26DACD0400A1AF19 /* LoginView.swift */,
				BE6CBB6126DACC1F00A1AF19 /* ChatView.swift */,
				BE6CBB8426DAF5BC00A1AF19 /* UserCodeScanner.swift */,
				BE6CBB8C26DB119100A1AF19 /* Subviews */,
			);
			path = View;
			sourceTree = "<group>";
		};
		BE6CBB8926DB116200A1AF19 /* Data Managers */ = {
			isa = PBXGroup;
			children = (
				BE6CBB7526DAD75600A1AF19 /* UserData.swift */,
				BE6CBB7126DACFEA00A1AF19 /* FirebaseManager.swift */,
			);
			path = "Data Managers";
			sourceTree = "<group>";
		};
		BE6CBB8A26DB117600A1AF19 /* Models */ = {
			isa = PBXGroup;
			children = (
				BE6CBB7726DAD83600A1AF19 /* ErrorModel.swift */,
				BE6CBB6526DACCD300A1AF19 /* User.swift */,
				BE6CBB6926DACCF000A1AF19 /* Chat.swift */,
				BE6CBB6726DACCE100A1AF19 /* Message.swift */,
				BE6CBB8D26DB11F200A1AF19 /* School.swift */,
			);
			path = Models;
			sourceTree = "<group>";
		};
		BE6CBB8B26DB117E00A1AF19 /* Extensions */ = {
			isa = PBXGroup;
			children = (
				BE19D8D626DB5FD500C27B14 /* View+if.swift */,
				BE6CBB7926DAD85A00A1AF19 /* UIApplication+AppVersion.swift */,
			);
			path = Extensions;
			sourceTree = "<group>";
		};
		BE6CBB8C26DB119100A1AF19 /* Subviews */ = {
			isa = PBXGroup;
			children = (
				BEB7097426DB7385005565F9 /* ChangeSelectionView.swift */,
				BE6CBB6D26DACD7700A1AF19 /* MessageCell.swift */,
				BE6CBB6326DACCB800A1AF19 /* CustomStyles.swift */,
			);
			path = Subviews;
			sourceTree = "<group>";
		};
		BE6CBB9326DB26C900A1AF19 /* Registration */ = {
			isa = PBXGroup;
			children = (
				BE6CBB9126DB235800A1AF19 /* RegistrationViews.swift */,
				BE6CBB7D26DAE34700A1AF19 /* RegistrationView.swift */,
				BE6CBB8F26DB218B00A1AF19 /* SchoolSelectionView.swift */,
			);
			path = Registration;
			sourceTree = "<group>";
		};
		EF0DCF3E216E6FCE333DE4C2 /* Pods */ = {
			isa = PBXGroup;
			children = (
				A30E0758CA63FF7A0E9151E0 /* Pods-HackMTY-Chat.debug.xcconfig */,
				EC4CC44C62C9F261A371EF4E /* Pods-HackMTY-Chat.release.xcconfig */,
			);
			path = Pods;
			sourceTree = "<group>";
		};
/* End PBXGroup section */

/* Begin PBXNativeTarget section */
		BE6CBB4726DACA0300A1AF19 /* HackMTY-Chat */ = {
			isa = PBXNativeTarget;
			buildConfigurationList = BE6CBB5C26DACA0400A1AF19 /* Build configuration list for PBXNativeTarget "HackMTY-Chat" */;
			buildPhases = (
				CD22DB58ED917082CD9E0737 /* [CP] Check Pods Manifest.lock */,
				BE6CBB4426DACA0300A1AF19 /* Sources */,
				BE6CBB4526DACA0300A1AF19 /* Frameworks */,
				BE6CBB4626DACA0300A1AF19 /* Resources */,
				3E7CA08687FE41EF8E2CD6B2 /* [CP] Embed Pods Frameworks */,
			);
			buildRules = (
			);
			dependencies = (
			);
			name = "HackMTY-Chat";
			packageProductDependencies = (
				BEB7097026DB6426005565F9 /* CodeScanner */,
			);
			productName = "HackMTY-Chat";
			productReference = BE6CBB4826DACA0300A1AF19 /* HackMTY-Chat.app */;
			productType = "com.apple.product-type.application";
		};
/* End PBXNativeTarget section */

/* Begin PBXProject section */
		BE6CBB4026DACA0300A1AF19 /* Project object */ = {
			isa = PBXProject;
			attributes = {
				LastSwiftUpdateCheck = 1250;
				LastUpgradeCheck = 1250;
				TargetAttributes = {
					BE6CBB4726DACA0300A1AF19 = {
						CreatedOnToolsVersion = 12.5.1;
					};
				};
			};
			buildConfigurationList = BE6CBB4326DACA0300A1AF19 /* Build configuration list for PBXProject "HackMTY-Chat" */;
			compatibilityVersion = "Xcode 9.3";
			developmentRegion = en;
			hasScannedForEncodings = 0;
			knownRegions = (
				en,
				Base,
			);
			mainGroup = BE6CBB3F26DACA0300A1AF19;
			packageReferences = (
				BEB7096F26DB6426005565F9 /* XCRemoteSwiftPackageReference "CodeScanner" */,
			);
			productRefGroup = BE6CBB4926DACA0300A1AF19 /* Products */;
			projectDirPath = "";
			projectRoot = "";
			targets = (
				BE6CBB4726DACA0300A1AF19 /* HackMTY-Chat */,
			);
		};
/* End PBXProject section */

/* Begin PBXResourcesBuildPhase section */
		BE6CBB4626DACA0300A1AF19 /* Resources */ = {
			isa = PBXResourcesBuildPhase;
			buildActionMask = 2147483647;
			files = (
				BE6CBB5826DACA0400A1AF19 /* LaunchScreen.storyboard in Resources */,
				BE6CBB6026DACC1100A1AF19 /* GoogleService-Info.plist in Resources */,
				BE6CBB5526DACA0400A1AF19 /* Preview Assets.xcassets in Resources */,
				BE6CBB5226DACA0400A1AF19 /* Assets.xcassets in Resources */,
			);
			runOnlyForDeploymentPostprocessing = 0;
		};
/* End PBXResourcesBuildPhase section */

/* Begin PBXShellScriptBuildPhase section */
		3E7CA08687FE41EF8E2CD6B2 /* [CP] Embed Pods Frameworks */ = {
			isa = PBXShellScriptBuildPhase;
			buildActionMask = 2147483647;
			files = (
			);
			inputFileListPaths = (
				"${PODS_ROOT}/Target Support Files/Pods-HackMTY-Chat/Pods-HackMTY-Chat-frameworks-${CONFIGURATION}-input-files.xcfilelist",
			);
			name = "[CP] Embed Pods Frameworks";
			outputFileListPaths = (
				"${PODS_ROOT}/Target Support Files/Pods-HackMTY-Chat/Pods-HackMTY-Chat-frameworks-${CONFIGURATION}-output-files.xcfilelist",
			);
			runOnlyForDeploymentPostprocessing = 0;
			shellPath = /bin/sh;
			shellScript = "\"${PODS_ROOT}/Target Support Files/Pods-HackMTY-Chat/Pods-HackMTY-Chat-frameworks.sh\"\n";
			showEnvVarsInLog = 0;
		};
		CD22DB58ED917082CD9E0737 /* [CP] Check Pods Manifest.lock */ = {
			isa = PBXShellScriptBuildPhase;
			buildActionMask = 2147483647;
			files = (
			);
			inputFileListPaths = (
			);
			inputPaths = (
				"${PODS_PODFILE_DIR_PATH}/Podfile.lock",
				"${PODS_ROOT}/Manifest.lock",
			);
			name = "[CP] Check Pods Manifest.lock";
			outputFileListPaths = (
			);
			outputPaths = (
				"$(DERIVED_FILE_DIR)/Pods-HackMTY-Chat-checkManifestLockResult.txt",
			);
			runOnlyForDeploymentPostprocessing = 0;
			shellPath = /bin/sh;
			shellScript = "diff \"${PODS_PODFILE_DIR_PATH}/Podfile.lock\" \"${PODS_ROOT}/Manifest.lock\" > /dev/null\nif [ $? != 0 ] ; then\n    # print error to STDERR\n    echo \"error: The sandbox is not in sync with the Podfile.lock. Run 'pod install' or update your CocoaPods installation.\" >&2\n    exit 1\nfi\n# This output is used by Xcode 'outputs' to avoid re-running this script phase.\necho \"SUCCESS\" > \"${SCRIPT_OUTPUT_FILE_0}\"\n";
			showEnvVarsInLog = 0;
		};
/* End PBXShellScriptBuildPhase section */

/* Begin PBXSourcesBuildPhase section */
		BE6CBB4426DACA0300A1AF19 /* Sources */ = {
			isa = PBXSourcesBuildPhase;
			buildActionMask = 2147483647;
			files = (
				BE6CBB8026DAE76D00A1AF19 /* PasswordResetView.swift in Sources */,
				BE6CBB9726DB54FD00A1AF19 /* SchoolMembersList.swift in Sources */,
				BE6CBB7826DAD83600A1AF19 /* ErrorModel.swift in Sources */,
				BE6CBB7226DACFEA00A1AF19 /* FirebaseManager.swift in Sources */,
				BE6CBB6226DACC1F00A1AF19 /* ChatView.swift in Sources */,
				BE6CBB7E26DAE34700A1AF19 /* RegistrationView.swift in Sources */,
				BE6CBB6E26DACD7700A1AF19 /* MessageCell.swift in Sources */,
				BE6CBB4C26DACA0300A1AF19 /* AppDelegate.swift in Sources */,
				BE6CBB6626DACCD300A1AF19 /* User.swift in Sources */,
				BE6CBB6C26DACD0400A1AF19 /* LoginView.swift in Sources */,
				BE6CBB6426DACCB800A1AF19 /* CustomStyles.swift in Sources */,
				BE6CBB4E26DACA0300A1AF19 /* SceneDelegate.swift in Sources */,
				BE6CBB6A26DACCF000A1AF19 /* Chat.swift in Sources */,
				BE6CBB7026DACFD800A1AF19 /* ChatsListView.swift in Sources */,
				BE6CBB5026DACA0300A1AF19 /* ContentView.swift in Sources */,
				BE6CBB7626DAD75600A1AF19 /* UserData.swift in Sources */,
				BE6CBB9026DB218B00A1AF19 /* SchoolSelectionView.swift in Sources */,
				BE6CBB7A26DAD85A00A1AF19 /* UIApplication+AppVersion.swift in Sources */,
				BE6CBB8526DAF5BC00A1AF19 /* UserCodeScanner.swift in Sources */,
				BEB7097526DB7385005565F9 /* ChangeSelectionView.swift in Sources */,
				BE6CBB6826DACCE100A1AF19 /* Message.swift in Sources */,
				BE6CBB8E26DB11F200A1AF19 /* School.swift in Sources */,
				BE19D8D726DB5FD500C27B14 /* View+if.swift in Sources */,
				BE6CBB7C26DAE05F00A1AF19 /* ReauthPasswordView.swift in Sources */,
				BE6CBB9226DB235800A1AF19 /* RegistrationViews.swift in Sources */,
				BE6CBB7426DAD70B00A1AF19 /* SettingsView.swift in Sources */,
			);
			runOnlyForDeploymentPostprocessing = 0;
		};
/* End PBXSourcesBuildPhase section */

/* Begin PBXVariantGroup section */
		BE6CBB5626DACA0400A1AF19 /* LaunchScreen.storyboard */ = {
			isa = PBXVariantGroup;
			children = (
				BE6CBB5726DACA0400A1AF19 /* Base */,
			);
			name = LaunchScreen.storyboard;
			sourceTree = "<group>";
		};
/* End PBXVariantGroup section */

/* Begin XCBuildConfiguration section */
		BE6CBB5A26DACA0400A1AF19 /* Debug */ = {
			isa = XCBuildConfiguration;
			buildSettings = {
				ALWAYS_SEARCH_USER_PATHS = NO;
				CLANG_ANALYZER_NONNULL = YES;
				CLANG_ANALYZER_NUMBER_OBJECT_CONVERSION = YES_AGGRESSIVE;
				CLANG_CXX_LANGUAGE_STANDARD = "gnu++14";
				CLANG_CXX_LIBRARY = "libc++";
				CLANG_ENABLE_MODULES = YES;
				CLANG_ENABLE_OBJC_ARC = YES;
				CLANG_ENABLE_OBJC_WEAK = YES;
				CLANG_WARN_BLOCK_CAPTURE_AUTORELEASING = YES;
				CLANG_WARN_BOOL_CONVERSION = YES;
				CLANG_WARN_COMMA = YES;
				CLANG_WARN_CONSTANT_CONVERSION = YES;
				CLANG_WARN_DEPRECATED_OBJC_IMPLEMENTATIONS = YES;
				CLANG_WARN_DIRECT_OBJC_ISA_USAGE = YES_ERROR;
				CLANG_WARN_DOCUMENTATION_COMMENTS = YES;
				CLANG_WARN_EMPTY_BODY = YES;
				CLANG_WARN_ENUM_CONVERSION = YES;
				CLANG_WARN_INFINITE_RECURSION = YES;
				CLANG_WARN_INT_CONVERSION = YES;
				CLANG_WARN_NON_LITERAL_NULL_CONVERSION = YES;
				CLANG_WARN_OBJC_IMPLICIT_RETAIN_SELF = YES;
				CLANG_WARN_OBJC_LITERAL_CONVERSION = YES;
				CLANG_WARN_OBJC_ROOT_CLASS = YES_ERROR;
				CLANG_WARN_QUOTED_INCLUDE_IN_FRAMEWORK_HEADER = YES;
				CLANG_WARN_RANGE_LOOP_ANALYSIS = YES;
				CLANG_WARN_STRICT_PROTOTYPES = YES;
				CLANG_WARN_SUSPICIOUS_MOVE = YES;
				CLANG_WARN_UNGUARDED_AVAILABILITY = YES_AGGRESSIVE;
				CLANG_WARN_UNREACHABLE_CODE = YES;
				CLANG_WARN__DUPLICATE_METHOD_MATCH = YES;
				COPY_PHASE_STRIP = NO;
				DEBUG_INFORMATION_FORMAT = dwarf;
				ENABLE_STRICT_OBJC_MSGSEND = YES;
				ENABLE_TESTABILITY = YES;
				GCC_C_LANGUAGE_STANDARD = gnu11;
				GCC_DYNAMIC_NO_PIC = NO;
				GCC_NO_COMMON_BLOCKS = YES;
				GCC_OPTIMIZATION_LEVEL = 0;
				GCC_PREPROCESSOR_DEFINITIONS = (
					"DEBUG=1",
					"$(inherited)",
				);
				GCC_WARN_64_TO_32_BIT_CONVERSION = YES;
				GCC_WARN_ABOUT_RETURN_TYPE = YES_ERROR;
				GCC_WARN_UNDECLARED_SELECTOR = YES;
				GCC_WARN_UNINITIALIZED_AUTOS = YES_AGGRESSIVE;
				GCC_WARN_UNUSED_FUNCTION = YES;
				GCC_WARN_UNUSED_VARIABLE = YES;
				IPHONEOS_DEPLOYMENT_TARGET = 14.5;
				MTL_ENABLE_DEBUG_INFO = INCLUDE_SOURCE;
				MTL_FAST_MATH = YES;
				ONLY_ACTIVE_ARCH = YES;
				SDKROOT = iphoneos;
				SWIFT_ACTIVE_COMPILATION_CONDITIONS = DEBUG;
				SWIFT_OPTIMIZATION_LEVEL = "-Onone";
			};
			name = Debug;
		};
		BE6CBB5B26DACA0400A1AF19 /* Release */ = {
			isa = XCBuildConfiguration;
			buildSettings = {
				ALWAYS_SEARCH_USER_PATHS = NO;
				CLANG_ANALYZER_NONNULL = YES;
				CLANG_ANALYZER_NUMBER_OBJECT_CONVERSION = YES_AGGRESSIVE;
				CLANG_CXX_LANGUAGE_STANDARD = "gnu++14";
				CLANG_CXX_LIBRARY = "libc++";
				CLANG_ENABLE_MODULES = YES;
				CLANG_ENABLE_OBJC_ARC = YES;
				CLANG_ENABLE_OBJC_WEAK = YES;
				CLANG_WARN_BLOCK_CAPTURE_AUTORELEASING = YES;
				CLANG_WARN_BOOL_CONVERSION = YES;
				CLANG_WARN_COMMA = YES;
				CLANG_WARN_CONSTANT_CONVERSION = YES;
				CLANG_WARN_DEPRECATED_OBJC_IMPLEMENTATIONS = YES;
				CLANG_WARN_DIRECT_OBJC_ISA_USAGE = YES_ERROR;
				CLANG_WARN_DOCUMENTATION_COMMENTS = YES;
				CLANG_WARN_EMPTY_BODY = YES;
				CLANG_WARN_ENUM_CONVERSION = YES;
				CLANG_WARN_INFINITE_RECURSION = YES;
				CLANG_WARN_INT_CONVERSION = YES;
				CLANG_WARN_NON_LITERAL_NULL_CONVERSION = YES;
				CLANG_WARN_OBJC_IMPLICIT_RETAIN_SELF = YES;
				CLANG_WARN_OBJC_LITERAL_CONVERSION = YES;
				CLANG_WARN_OBJC_ROOT_CLASS = YES_ERROR;
				CLANG_WARN_QUOTED_INCLUDE_IN_FRAMEWORK_HEADER = YES;
				CLANG_WARN_RANGE_LOOP_ANALYSIS = YES;
				CLANG_WARN_STRICT_PROTOTYPES = YES;
				CLANG_WARN_SUSPICIOUS_MOVE = YES;
				CLANG_WARN_UNGUARDED_AVAILABILITY = YES_AGGRESSIVE;
				CLANG_WARN_UNREACHABLE_CODE = YES;
				CLANG_WARN__DUPLICATE_METHOD_MATCH = YES;
				COPY_PHASE_STRIP = NO;
				DEBUG_INFORMATION_FORMAT = "dwarf-with-dsym";
				ENABLE_NS_ASSERTIONS = NO;
				ENABLE_STRICT_OBJC_MSGSEND = YES;
				GCC_C_LANGUAGE_STANDARD = gnu11;
				GCC_NO_COMMON_BLOCKS = YES;
				GCC_WARN_64_TO_32_BIT_CONVERSION = YES;
				GCC_WARN_ABOUT_RETURN_TYPE = YES_ERROR;
				GCC_WARN_UNDECLARED_SELECTOR = YES;
				GCC_WARN_UNINITIALIZED_AUTOS = YES_AGGRESSIVE;
				GCC_WARN_UNUSED_FUNCTION = YES;
				GCC_WARN_UNUSED_VARIABLE = YES;
				IPHONEOS_DEPLOYMENT_TARGET = 14.5;
				MTL_ENABLE_DEBUG_INFO = NO;
				MTL_FAST_MATH = YES;
				SDKROOT = iphoneos;
				SWIFT_COMPILATION_MODE = wholemodule;
				SWIFT_OPTIMIZATION_LEVEL = "-O";
				VALIDATE_PRODUCT = YES;
			};
			name = Release;
		};
		BE6CBB5D26DACA0400A1AF19 /* Debug */ = {
			isa = XCBuildConfiguration;
			baseConfigurationReference = A30E0758CA63FF7A0E9151E0 /* Pods-HackMTY-Chat.debug.xcconfig */;
			buildSettings = {
				ASSETCATALOG_COMPILER_APPICON_NAME = AppIcon;
				ASSETCATALOG_COMPILER_GLOBAL_ACCENT_COLOR_NAME = AccentColor;
				CODE_SIGN_STYLE = Automatic;
				DEVELOPMENT_ASSET_PATHS = "\"HackMTY-Chat/Preview Content\"";
				DEVELOPMENT_TEAM = 2JWSBNAJCH;
				ENABLE_PREVIEWS = YES;
				INFOPLIST_FILE = "HackMTY-Chat/Info.plist";
				LD_RUNPATH_SEARCH_PATHS = (
					"$(inherited)",
					"@executable_path/Frameworks",
				);
				PRODUCT_BUNDLE_IDENTIFIER = "com.myteam123.HackMTY-Chat";
				PRODUCT_NAME = "$(TARGET_NAME)";
				SWIFT_VERSION = 5.0;
				TARGETED_DEVICE_FAMILY = "1,2";
			};
			name = Debug;
		};
		BE6CBB5E26DACA0400A1AF19 /* Release */ = {
			isa = XCBuildConfiguration;
			baseConfigurationReference = EC4CC44C62C9F261A371EF4E /* Pods-HackMTY-Chat.release.xcconfig */;
			buildSettings = {
				ASSETCATALOG_COMPILER_APPICON_NAME = AppIcon;
				ASSETCATALOG_COMPILER_GLOBAL_ACCENT_COLOR_NAME = AccentColor;
				CODE_SIGN_STYLE = Automatic;
				DEVELOPMENT_ASSET_PATHS = "\"HackMTY-Chat/Preview Content\"";
				DEVELOPMENT_TEAM = 2JWSBNAJCH;
				ENABLE_PREVIEWS = YES;
				INFOPLIST_FILE = "HackMTY-Chat/Info.plist";
				LD_RUNPATH_SEARCH_PATHS = (
					"$(inherited)",
					"@executable_path/Frameworks",
				);
				PRODUCT_BUNDLE_IDENTIFIER = "com.myteam123.HackMTY-Chat";
				PRODUCT_NAME = "$(TARGET_NAME)";
				SWIFT_VERSION = 5.0;
				TARGETED_DEVICE_FAMILY = "1,2";
			};
			name = Release;
		};
/* End XCBuildConfiguration section */

/* Begin XCConfigurationList section */
		BE6CBB4326DACA0300A1AF19 /* Build configuration list for PBXProject "HackMTY-Chat" */ = {
			isa = XCConfigurationList;
			buildConfigurations = (
				BE6CBB5A26DACA0400A1AF19 /* Debug */,
				BE6CBB5B26DACA0400A1AF19 /* Release */,
			);
			defaultConfigurationIsVisible = 0;
			defaultConfigurationName = Release;
		};
		BE6CBB5C26DACA0400A1AF19 /* Build configuration list for PBXNativeTarget "HackMTY-Chat" */ = {
			isa = XCConfigurationList;
			buildConfigurations = (
				BE6CBB5D26DACA0400A1AF19 /* Debug */,
				BE6CBB5E26DACA0400A1AF19 /* Release */,
			);
			defaultConfigurationIsVisible = 0;
			defaultConfigurationName = Release;
		};
/* End XCConfigurationList section */

/* Begin XCRemoteSwiftPackageReference section */
		BEB7096F26DB6426005565F9 /* XCRemoteSwiftPackageReference "CodeScanner" */ = {
			isa = XCRemoteSwiftPackageReference;
			repositoryURL = "https://github.com/twostraws/CodeScanner.git";
			requirement = {
				branch = main;
				kind = branch;
			};
		};
/* End XCRemoteSwiftPackageReference section */

/* Begin XCSwiftPackageProductDependency section */
		BEB7097026DB6426005565F9 /* CodeScanner */ = {
			isa = XCSwiftPackageProductDependency;
			package = BEB7096F26DB6426005565F9 /* XCRemoteSwiftPackageReference "CodeScanner" */;
			productName = CodeScanner;
		};
/* End XCSwiftPackageProductDependency section */
	};
	rootObject = BE6CBB4026DACA0300A1AF19 /* Project object */;
}
